// !$*UTF8*$!
{
	archiveVersion = 1;
	classes = {
	};
	objectVersion = 56;
	objects = {

/* Begin PBXBuildFile section */
		A74234442AD9979E0019FFE0 /* Picto.swift in Sources */ = {isa = PBXBuildFile; fileRef = A74234412AD9979E0019FFE0 /* Picto.swift */; };
		A74234452AD9979E0019FFE0 /* LineReferencial.swift in Sources */ = {isa = PBXBuildFile; fileRef = A74234422AD9979E0019FFE0 /* LineReferencial.swift */; };
		A74234462AD9979E0019FFE0 /* Fields.swift in Sources */ = {isa = PBXBuildFile; fileRef = A74234432AD9979E0019FFE0 /* Fields.swift */; };
		A74234492AD999290019FFE0 /* TransportLines.json in Resources */ = {isa = PBXBuildFile; fileRef = A74234482AD999290019FFE0 /* TransportLines.json */; };
		A742344B2AD99C6E0019FFE0 /* LocalDataManager.swift in Sources */ = {isa = PBXBuildFile; fileRef = A742344A2AD99C6E0019FFE0 /* LocalDataManager.swift */; };
		A742344D2AD9C4720019FFE0 /* VehicleJourneyName.swift in Sources */ = {isa = PBXBuildFile; fileRef = A742344C2AD9C4720019FFE0 /* VehicleJourneyName.swift */; };
		A742344F2AD9D4230019FFE0 /* TabsView.swift in Sources */ = {isa = PBXBuildFile; fileRef = A742344E2AD9D4230019FFE0 /* TabsView.swift */; };
		A74234522AD9D5CE0019FFE0 /* AllZoneView.swift in Sources */ = {isa = PBXBuildFile; fileRef = A74234512AD9D5CE0019FFE0 /* AllZoneView.swift */; };
		A74234562AD9D7720019FFE0 /* ZoneFields.swift in Sources */ = {isa = PBXBuildFile; fileRef = A74234542AD9D7720019FFE0 /* ZoneFields.swift */; };
		A74234572AD9D7720019FFE0 /* Zone.swift in Sources */ = {isa = PBXBuildFile; fileRef = A74234552AD9D7720019FFE0 /* Zone.swift */; };
		A74234592AD9D81A0019FFE0 /* BusStopZones.json in Resources */ = {isa = PBXBuildFile; fileRef = A74234582AD9D81A0019FFE0 /* BusStopZones.json */; };
		A742345B2AD9D8410019FFE0 /* ZoneController.swift in Sources */ = {isa = PBXBuildFile; fileRef = A742345A2AD9D8410019FFE0 /* ZoneController.swift */; };
		A75DF0C92AD8810F00E031C9 /* ToComeAtBusStop.swift in Sources */ = {isa = PBXBuildFile; fileRef = A75DF0C82AD8810F00E031C9 /* ToComeAtBusStop.swift */; };
		A7B67A562ADFEC1100C437EC /* WrappingHStack in Frameworks */ = {isa = PBXBuildFile; productRef = A7B67A552ADFEC1100C437EC /* WrappingHStack */; };
		A7B67A582ADFF79400C437EC /* OneStopDetailView.swift in Sources */ = {isa = PBXBuildFile; fileRef = A7B67A572ADFF79400C437EC /* OneStopDetailView.swift */; };
		A7B67A5B2ADFFCE000C437EC /* FlowStackLayout in Frameworks */ = {isa = PBXBuildFile; productRef = A7B67A5A2ADFFCE000C437EC /* FlowStackLayout */; };
		A7B67A5D2AE019F300C437EC /* LineDirectionDestinations.swift in Sources */ = {isa = PBXBuildFile; fileRef = A7B67A5C2AE019F300C437EC /* LineDirectionDestinations.swift */; };
		A7B67A5F2AE01A5C00C437EC /* LineDestinationToCome.swift in Sources */ = {isa = PBXBuildFile; fileRef = A7B67A5E2AE01A5C00C437EC /* LineDestinationToCome.swift */; };
		A7B67A612AE0276100C437EC /* OneTimeView.swift in Sources */ = {isa = PBXBuildFile; fileRef = A7B67A602AE0276100C437EC /* OneTimeView.swift */; };
		A7B67ACA2AE070CE00C437EC /* LineInfosForPicto.swift in Sources */ = {isa = PBXBuildFile; fileRef = A7B67AC92AE070CE00C437EC /* LineInfosForPicto.swift */; };
		A7B67ACC2AE0759000C437EC /* LinePictoView.swift in Sources */ = {isa = PBXBuildFile; fileRef = A7B67ACB2AE0759000C437EC /* LinePictoView.swift */; };
		A7B67ACE2AE0814A00C437EC /* ColorExtension.swift in Sources */ = {isa = PBXBuildFile; fileRef = A7B67ACD2AE0814A00C437EC /* ColorExtension.swift */; };
		A7B67AD02AE0851100C437EC /* IDFVoyageur-Bold.otf in Resources */ = {isa = PBXBuildFile; fileRef = A7B67ACF2AE0851100C437EC /* IDFVoyageur-Bold.otf */; };
		A7DAD1A32AD5BA9F00ABC3B0 /* StopIDFApp.swift in Sources */ = {isa = PBXBuildFile; fileRef = A7DAD1A22AD5BA9F00ABC3B0 /* StopIDFApp.swift */; };
		A7DAD1A72AD5BAA100ABC3B0 /* Assets.xcassets in Resources */ = {isa = PBXBuildFile; fileRef = A7DAD1A62AD5BAA100ABC3B0 /* Assets.xcassets */; };
		A7DAD1AA2AD5BAA100ABC3B0 /* Preview Assets.xcassets in Resources */ = {isa = PBXBuildFile; fileRef = A7DAD1A92AD5BAA100ABC3B0 /* Preview Assets.xcassets */; };
		A7DAD1B32AD5BB1400ABC3B0 /* NextPassage.swift in Sources */ = {isa = PBXBuildFile; fileRef = A7DAD1B22AD5BB1400ABC3B0 /* NextPassage.swift */; };
		A7DAD1B52AD5BB6800ABC3B0 /* Siri.swift in Sources */ = {isa = PBXBuildFile; fileRef = A7DAD1B42AD5BB6800ABC3B0 /* Siri.swift */; };
		A7DAD1B72AD5BB8800ABC3B0 /* ServiceDelivery.swift in Sources */ = {isa = PBXBuildFile; fileRef = A7DAD1B62AD5BB8800ABC3B0 /* ServiceDelivery.swift */; };
		A7DAD1B92AD5BBBE00ABC3B0 /* StopMonitoringDelivery.swift in Sources */ = {isa = PBXBuildFile; fileRef = A7DAD1B82AD5BBBE00ABC3B0 /* StopMonitoringDelivery.swift */; };
		A7DAD1BB2AD5BBE000ABC3B0 /* MonitoredStopVisit.swift in Sources */ = {isa = PBXBuildFile; fileRef = A7DAD1BA2AD5BBE000ABC3B0 /* MonitoredStopVisit.swift */; };
		A7DAD1BD2AD5BBF300ABC3B0 /* MonitoringRef.swift in Sources */ = {isa = PBXBuildFile; fileRef = A7DAD1BC2AD5BBF300ABC3B0 /* MonitoringRef.swift */; };
		A7DAD1BF2AD5BC0D00ABC3B0 /* MonitoredVehicleJourney.swift in Sources */ = {isa = PBXBuildFile; fileRef = A7DAD1BE2AD5BC0D00ABC3B0 /* MonitoredVehicleJourney.swift */; };
		A7DAD1C12AD5BC3D00ABC3B0 /* LineRef.swift in Sources */ = {isa = PBXBuildFile; fileRef = A7DAD1C02AD5BC3D00ABC3B0 /* LineRef.swift */; };
		A7DAD1C32AD5BC6700ABC3B0 /* OperatorRef.swift in Sources */ = {isa = PBXBuildFile; fileRef = A7DAD1C22AD5BC6700ABC3B0 /* OperatorRef.swift */; };
		A7DAD1C52AD5BC7900ABC3B0 /* FramedVehicleJourneyRef.swift in Sources */ = {isa = PBXBuildFile; fileRef = A7DAD1C42AD5BC7900ABC3B0 /* FramedVehicleJourneyRef.swift */; };
		A7DAD1C72AD5BC8E00ABC3B0 /* DestinationName.swift in Sources */ = {isa = PBXBuildFile; fileRef = A7DAD1C62AD5BC8E00ABC3B0 /* DestinationName.swift */; };
		A7DAD1C92AD5BCB400ABC3B0 /* DirectionName.swift in Sources */ = {isa = PBXBuildFile; fileRef = A7DAD1C82AD5BCB400ABC3B0 /* DirectionName.swift */; };
		A7DAD1CB2AD5BCCF00ABC3B0 /* DestinationRef.swift in Sources */ = {isa = PBXBuildFile; fileRef = A7DAD1CA2AD5BCCF00ABC3B0 /* DestinationRef.swift */; };
		A7DAD1CD2AD5BCE900ABC3B0 /* JourneyNote.swift in Sources */ = {isa = PBXBuildFile; fileRef = A7DAD1CC2AD5BCE900ABC3B0 /* JourneyNote.swift */; };
		A7DAD1CF2AD5BD0500ABC3B0 /* MonitoredCall.swift in Sources */ = {isa = PBXBuildFile; fileRef = A7DAD1CE2AD5BD0500ABC3B0 /* MonitoredCall.swift */; };
		A7DAD1D12AD5BD3500ABC3B0 /* TrainNumbers.swift in Sources */ = {isa = PBXBuildFile; fileRef = A7DAD1D02AD5BD3500ABC3B0 /* TrainNumbers.swift */; };
		A7DAD1D32AD5BD5700ABC3B0 /* DataFrameRef.swift in Sources */ = {isa = PBXBuildFile; fileRef = A7DAD1D22AD5BD5700ABC3B0 /* DataFrameRef.swift */; };
		A7DAD1D52AD5BD7400ABC3B0 /* DestinationDisplay.swift in Sources */ = {isa = PBXBuildFile; fileRef = A7DAD1D42AD5BD7400ABC3B0 /* DestinationDisplay.swift */; };
		A7DAD1D72AD5BD8D00ABC3B0 /* StopPointName.swift in Sources */ = {isa = PBXBuildFile; fileRef = A7DAD1D62AD5BD8D00ABC3B0 /* StopPointName.swift */; };
		A7F9137D2AD84F1C007983E4 /* local.env.swift in Sources */ = {isa = PBXBuildFile; fileRef = A7F9137C2AD84F1C007983E4 /* local.env.swift */; };
		A7F9137F2AD84FCB007983E4 /* NextPassageController.swift in Sources */ = {isa = PBXBuildFile; fileRef = A7F9137E2AD84FCB007983E4 /* NextPassageController.swift */; };
		A7F913822AD854C9007983E4 /* ApiRequestError.swift in Sources */ = {isa = PBXBuildFile; fileRef = A7F913812AD854C9007983E4 /* ApiRequestError.swift */; };
/* End PBXBuildFile section */

/* Begin PBXFileReference section */
		A74234412AD9979E0019FFE0 /* Picto.swift */ = {isa = PBXFileReference; fileEncoding = 4; lastKnownFileType = sourcecode.swift; path = Picto.swift; sourceTree = "<group>"; };
		A74234422AD9979E0019FFE0 /* LineReferencial.swift */ = {isa = PBXFileReference; fileEncoding = 4; lastKnownFileType = sourcecode.swift; path = LineReferencial.swift; sourceTree = "<group>"; };
		A74234432AD9979E0019FFE0 /* Fields.swift */ = {isa = PBXFileReference; fileEncoding = 4; lastKnownFileType = sourcecode.swift; path = Fields.swift; sourceTree = "<group>"; };
		A74234482AD999290019FFE0 /* TransportLines.json */ = {isa = PBXFileReference; fileEncoding = 4; lastKnownFileType = text.json; path = TransportLines.json; sourceTree = "<group>"; };
		A742344A2AD99C6E0019FFE0 /* LocalDataManager.swift */ = {isa = PBXFileReference; lastKnownFileType = sourcecode.swift; path = LocalDataManager.swift; sourceTree = "<group>"; };
		A742344C2AD9C4720019FFE0 /* VehicleJourneyName.swift */ = {isa = PBXFileReference; lastKnownFileType = sourcecode.swift; path = VehicleJourneyName.swift; sourceTree = "<group>"; };
		A742344E2AD9D4230019FFE0 /* TabsView.swift */ = {isa = PBXFileReference; lastKnownFileType = sourcecode.swift; path = TabsView.swift; sourceTree = "<group>"; };
		A74234512AD9D5CE0019FFE0 /* AllZoneView.swift */ = {isa = PBXFileReference; lastKnownFileType = sourcecode.swift; path = AllZoneView.swift; sourceTree = "<group>"; };
		A74234542AD9D7720019FFE0 /* ZoneFields.swift */ = {isa = PBXFileReference; fileEncoding = 4; lastKnownFileType = sourcecode.swift; path = ZoneFields.swift; sourceTree = "<group>"; };
		A74234552AD9D7720019FFE0 /* Zone.swift */ = {isa = PBXFileReference; fileEncoding = 4; lastKnownFileType = sourcecode.swift; path = Zone.swift; sourceTree = "<group>"; };
		A74234582AD9D81A0019FFE0 /* BusStopZones.json */ = {isa = PBXFileReference; fileEncoding = 4; lastKnownFileType = text.json; path = BusStopZones.json; sourceTree = "<group>"; };
		A742345A2AD9D8410019FFE0 /* ZoneController.swift */ = {isa = PBXFileReference; lastKnownFileType = sourcecode.swift; path = ZoneController.swift; sourceTree = "<group>"; };
		A75DF0C82AD8810F00E031C9 /* ToComeAtBusStop.swift */ = {isa = PBXFileReference; lastKnownFileType = sourcecode.swift; path = ToComeAtBusStop.swift; sourceTree = "<group>"; };
		A7B67A572ADFF79400C437EC /* OneStopDetailView.swift */ = {isa = PBXFileReference; lastKnownFileType = sourcecode.swift; path = OneStopDetailView.swift; sourceTree = "<group>"; };
		A7B67A5C2AE019F300C437EC /* LineDirectionDestinations.swift */ = {isa = PBXFileReference; lastKnownFileType = sourcecode.swift; path = LineDirectionDestinations.swift; sourceTree = "<group>"; };
		A7B67A5E2AE01A5C00C437EC /* LineDestinationToCome.swift */ = {isa = PBXFileReference; lastKnownFileType = sourcecode.swift; path = LineDestinationToCome.swift; sourceTree = "<group>"; };
		A7B67A602AE0276100C437EC /* OneTimeView.swift */ = {isa = PBXFileReference; lastKnownFileType = sourcecode.swift; path = OneTimeView.swift; sourceTree = "<group>"; };
		A7B67AC92AE070CE00C437EC /* LineInfosForPicto.swift */ = {isa = PBXFileReference; lastKnownFileType = sourcecode.swift; path = LineInfosForPicto.swift; sourceTree = "<group>"; };
		A7B67ACB2AE0759000C437EC /* LinePictoView.swift */ = {isa = PBXFileReference; lastKnownFileType = sourcecode.swift; path = LinePictoView.swift; sourceTree = "<group>"; };
		A7B67ACD2AE0814A00C437EC /* ColorExtension.swift */ = {isa = PBXFileReference; lastKnownFileType = sourcecode.swift; path = ColorExtension.swift; sourceTree = "<group>"; };
		A7B67ACF2AE0851100C437EC /* IDFVoyageur-Bold.otf */ = {isa = PBXFileReference; lastKnownFileType = file; path = "IDFVoyageur-Bold.otf"; sourceTree = "<group>"; };
		A7B67AD12AE0858500C437EC /* Info.plist */ = {isa = PBXFileReference; lastKnownFileType = text.plist; path = Info.plist; sourceTree = "<group>"; };
		A7DAD19F2AD5BA9F00ABC3B0 /* StopIDF.app */ = {isa = PBXFileReference; explicitFileType = wrapper.application; includeInIndex = 0; path = StopIDF.app; sourceTree = BUILT_PRODUCTS_DIR; };
		A7DAD1A22AD5BA9F00ABC3B0 /* StopIDFApp.swift */ = {isa = PBXFileReference; lastKnownFileType = sourcecode.swift; path = StopIDFApp.swift; sourceTree = "<group>"; };
		A7DAD1A62AD5BAA100ABC3B0 /* Assets.xcassets */ = {isa = PBXFileReference; lastKnownFileType = folder.assetcatalog; path = Assets.xcassets; sourceTree = "<group>"; };
		A7DAD1A92AD5BAA100ABC3B0 /* Preview Assets.xcassets */ = {isa = PBXFileReference; lastKnownFileType = folder.assetcatalog; path = "Preview Assets.xcassets"; sourceTree = "<group>"; };
		A7DAD1B22AD5BB1400ABC3B0 /* NextPassage.swift */ = {isa = PBXFileReference; lastKnownFileType = sourcecode.swift; path = NextPassage.swift; sourceTree = "<group>"; };
		A7DAD1B42AD5BB6800ABC3B0 /* Siri.swift */ = {isa = PBXFileReference; lastKnownFileType = sourcecode.swift; path = Siri.swift; sourceTree = "<group>"; };
		A7DAD1B62AD5BB8800ABC3B0 /* ServiceDelivery.swift */ = {isa = PBXFileReference; lastKnownFileType = sourcecode.swift; path = ServiceDelivery.swift; sourceTree = "<group>"; };
		A7DAD1B82AD5BBBE00ABC3B0 /* StopMonitoringDelivery.swift */ = {isa = PBXFileReference; lastKnownFileType = sourcecode.swift; path = StopMonitoringDelivery.swift; sourceTree = "<group>"; };
		A7DAD1BA2AD5BBE000ABC3B0 /* MonitoredStopVisit.swift */ = {isa = PBXFileReference; lastKnownFileType = sourcecode.swift; path = MonitoredStopVisit.swift; sourceTree = "<group>"; };
		A7DAD1BC2AD5BBF300ABC3B0 /* MonitoringRef.swift */ = {isa = PBXFileReference; lastKnownFileType = sourcecode.swift; path = MonitoringRef.swift; sourceTree = "<group>"; };
		A7DAD1BE2AD5BC0D00ABC3B0 /* MonitoredVehicleJourney.swift */ = {isa = PBXFileReference; lastKnownFileType = sourcecode.swift; path = MonitoredVehicleJourney.swift; sourceTree = "<group>"; };
		A7DAD1C02AD5BC3D00ABC3B0 /* LineRef.swift */ = {isa = PBXFileReference; lastKnownFileType = sourcecode.swift; path = LineRef.swift; sourceTree = "<group>"; };
		A7DAD1C22AD5BC6700ABC3B0 /* OperatorRef.swift */ = {isa = PBXFileReference; lastKnownFileType = sourcecode.swift; path = OperatorRef.swift; sourceTree = "<group>"; };
		A7DAD1C42AD5BC7900ABC3B0 /* FramedVehicleJourneyRef.swift */ = {isa = PBXFileReference; lastKnownFileType = sourcecode.swift; path = FramedVehicleJourneyRef.swift; sourceTree = "<group>"; };
		A7DAD1C62AD5BC8E00ABC3B0 /* DestinationName.swift */ = {isa = PBXFileReference; lastKnownFileType = sourcecode.swift; path = DestinationName.swift; sourceTree = "<group>"; };
		A7DAD1C82AD5BCB400ABC3B0 /* DirectionName.swift */ = {isa = PBXFileReference; lastKnownFileType = sourcecode.swift; path = DirectionName.swift; sourceTree = "<group>"; };
		A7DAD1CA2AD5BCCF00ABC3B0 /* DestinationRef.swift */ = {isa = PBXFileReference; lastKnownFileType = sourcecode.swift; path = DestinationRef.swift; sourceTree = "<group>"; };
		A7DAD1CC2AD5BCE900ABC3B0 /* JourneyNote.swift */ = {isa = PBXFileReference; lastKnownFileType = sourcecode.swift; path = JourneyNote.swift; sourceTree = "<group>"; };
		A7DAD1CE2AD5BD0500ABC3B0 /* MonitoredCall.swift */ = {isa = PBXFileReference; lastKnownFileType = sourcecode.swift; path = MonitoredCall.swift; sourceTree = "<group>"; };
		A7DAD1D02AD5BD3500ABC3B0 /* TrainNumbers.swift */ = {isa = PBXFileReference; lastKnownFileType = sourcecode.swift; path = TrainNumbers.swift; sourceTree = "<group>"; };
		A7DAD1D22AD5BD5700ABC3B0 /* DataFrameRef.swift */ = {isa = PBXFileReference; lastKnownFileType = sourcecode.swift; path = DataFrameRef.swift; sourceTree = "<group>"; };
		A7DAD1D42AD5BD7400ABC3B0 /* DestinationDisplay.swift */ = {isa = PBXFileReference; lastKnownFileType = sourcecode.swift; path = DestinationDisplay.swift; sourceTree = "<group>"; };
		A7DAD1D62AD5BD8D00ABC3B0 /* StopPointName.swift */ = {isa = PBXFileReference; lastKnownFileType = sourcecode.swift; path = StopPointName.swift; sourceTree = "<group>"; };
		A7F9137C2AD84F1C007983E4 /* local.env.swift */ = {isa = PBXFileReference; lastKnownFileType = sourcecode.swift; path = local.env.swift; sourceTree = "<group>"; };
		A7F9137E2AD84FCB007983E4 /* NextPassageController.swift */ = {isa = PBXFileReference; lastKnownFileType = sourcecode.swift; path = NextPassageController.swift; sourceTree = "<group>"; };
		A7F913812AD854C9007983E4 /* ApiRequestError.swift */ = {isa = PBXFileReference; lastKnownFileType = sourcecode.swift; path = ApiRequestError.swift; sourceTree = "<group>"; };
/* End PBXFileReference section */

/* Begin PBXFrameworksBuildPhase section */
		A7DAD19C2AD5BA9F00ABC3B0 /* Frameworks */ = {
			isa = PBXFrameworksBuildPhase;
			buildActionMask = 2147483647;
			files = (
				A7B67A562ADFEC1100C437EC /* WrappingHStack in Frameworks */,
				A7B67A5B2ADFFCE000C437EC /* FlowStackLayout in Frameworks */,
			);
			runOnlyForDeploymentPostprocessing = 0;
		};
/* End PBXFrameworksBuildPhase section */

/* Begin PBXGroup section */
		A74234472AD999180019FFE0 /* Data */ = {
			isa = PBXGroup;
			children = (
				A7B67ACF2AE0851100C437EC /* IDFVoyageur-Bold.otf */,
				A74234482AD999290019FFE0 /* TransportLines.json */,
				A74234582AD9D81A0019FFE0 /* BusStopZones.json */,
			);
			path = Data;
			sourceTree = "<group>";
		};
		A74234502AD9D42A0019FFE0 /* Views */ = {
			isa = PBXGroup;
			children = (
				A742344E2AD9D4230019FFE0 /* TabsView.swift */,
				A7B67A572ADFF79400C437EC /* OneStopDetailView.swift */,
				A7B67A602AE0276100C437EC /* OneTimeView.swift */,
				A74234512AD9D5CE0019FFE0 /* AllZoneView.swift */,
				A7B67ACB2AE0759000C437EC /* LinePictoView.swift */,
			);
			path = Views;
			sourceTree = "<group>";
		};
		A74234532AD9D7660019FFE0 /* Zones */ = {
			isa = PBXGroup;
			children = (
				A74234542AD9D7720019FFE0 /* ZoneFields.swift */,
				A74234552AD9D7720019FFE0 /* Zone.swift */,
			);
			path = Zones;
			sourceTree = "<group>";
		};
		A75DF0C72AD880EB00E031C9 /* ToComeAtBusStop */ = {
			isa = PBXGroup;
			children = (
				A75DF0C82AD8810F00E031C9 /* ToComeAtBusStop.swift */,
				A7B67A5C2AE019F300C437EC /* LineDirectionDestinations.swift */,
				A7B67A5E2AE01A5C00C437EC /* LineDestinationToCome.swift */,
				A7B67AC92AE070CE00C437EC /* LineInfosForPicto.swift */,
			);
			path = ToComeAtBusStop;
			sourceTree = "<group>";
		};
		A7B386F02AD8959100489300 /* LineReferencial */ = {
			isa = PBXGroup;
			children = (
				A74234432AD9979E0019FFE0 /* Fields.swift */,
				A74234422AD9979E0019FFE0 /* LineReferencial.swift */,
				A74234412AD9979E0019FFE0 /* Picto.swift */,
			);
			path = LineReferencial;
			sourceTree = "<group>";
		};
		A7DAD1962AD5BA9F00ABC3B0 = {
			isa = PBXGroup;
			children = (
				A7DAD1A12AD5BA9F00ABC3B0 /* StopIDF */,
				A7DAD1A02AD5BA9F00ABC3B0 /* Products */,
			);
			sourceTree = "<group>";
		};
		A7DAD1A02AD5BA9F00ABC3B0 /* Products */ = {
			isa = PBXGroup;
			children = (
				A7DAD19F2AD5BA9F00ABC3B0 /* StopIDF.app */,
			);
			name = Products;
			sourceTree = "<group>";
		};
		A7DAD1A12AD5BA9F00ABC3B0 /* StopIDF */ = {
			isa = PBXGroup;
			children = (
				A7B67AD12AE0858500C437EC /* Info.plist */,
				A74234502AD9D42A0019FFE0 /* Views */,
				A74234472AD999180019FFE0 /* Data */,
				A7DAD1A22AD5BA9F00ABC3B0 /* StopIDFApp.swift */,
				A7B67ACD2AE0814A00C437EC /* ColorExtension.swift */,
				A7F9137C2AD84F1C007983E4 /* local.env.swift */,
				A7F9137E2AD84FCB007983E4 /* NextPassageController.swift */,
				A742345A2AD9D8410019FFE0 /* ZoneController.swift */,
				A742344A2AD99C6E0019FFE0 /* LocalDataManager.swift */,
				A7F913802AD854B5007983E4 /* Errors */,
				A7DAD1B02AD5BAC700ABC3B0 /* DataModel */,
				A7DAD1A62AD5BAA100ABC3B0 /* Assets.xcassets */,
				A7DAD1A82AD5BAA100ABC3B0 /* Preview Content */,
			);
			path = StopIDF;
			sourceTree = "<group>";
		};
		A7DAD1A82AD5BAA100ABC3B0 /* Preview Content */ = {
			isa = PBXGroup;
			children = (
				A7DAD1A92AD5BAA100ABC3B0 /* Preview Assets.xcassets */,
			);
			path = "Preview Content";
			sourceTree = "<group>";
		};
		A7DAD1B02AD5BAC700ABC3B0 /* DataModel */ = {
			isa = PBXGroup;
			children = (
				A74234532AD9D7660019FFE0 /* Zones */,
				A7B386F02AD8959100489300 /* LineReferencial */,
				A75DF0C72AD880EB00E031C9 /* ToComeAtBusStop */,
				A7DAD1B12AD5BAD800ABC3B0 /* NextPassage */,
			);
			path = DataModel;
			sourceTree = "<group>";
		};
		A7DAD1B12AD5BAD800ABC3B0 /* NextPassage */ = {
			isa = PBXGroup;
			children = (
				A7DAD1B22AD5BB1400ABC3B0 /* NextPassage.swift */,
				A7DAD1B42AD5BB6800ABC3B0 /* Siri.swift */,
				A7DAD1B62AD5BB8800ABC3B0 /* ServiceDelivery.swift */,
				A7DAD1B82AD5BBBE00ABC3B0 /* StopMonitoringDelivery.swift */,
				A7DAD1BA2AD5BBE000ABC3B0 /* MonitoredStopVisit.swift */,
				A7DAD1BC2AD5BBF300ABC3B0 /* MonitoringRef.swift */,
				A7DAD1BE2AD5BC0D00ABC3B0 /* MonitoredVehicleJourney.swift */,
				A7DAD1C02AD5BC3D00ABC3B0 /* LineRef.swift */,
				A742344C2AD9C4720019FFE0 /* VehicleJourneyName.swift */,
				A7DAD1C22AD5BC6700ABC3B0 /* OperatorRef.swift */,
				A7DAD1C42AD5BC7900ABC3B0 /* FramedVehicleJourneyRef.swift */,
				A7DAD1C62AD5BC8E00ABC3B0 /* DestinationName.swift */,
				A7DAD1C82AD5BCB400ABC3B0 /* DirectionName.swift */,
				A7DAD1CA2AD5BCCF00ABC3B0 /* DestinationRef.swift */,
				A7DAD1CC2AD5BCE900ABC3B0 /* JourneyNote.swift */,
				A7DAD1CE2AD5BD0500ABC3B0 /* MonitoredCall.swift */,
				A7DAD1D02AD5BD3500ABC3B0 /* TrainNumbers.swift */,
				A7DAD1D22AD5BD5700ABC3B0 /* DataFrameRef.swift */,
				A7DAD1D42AD5BD7400ABC3B0 /* DestinationDisplay.swift */,
				A7DAD1D62AD5BD8D00ABC3B0 /* StopPointName.swift */,
			);
			path = NextPassage;
			sourceTree = "<group>";
		};
		A7F913802AD854B5007983E4 /* Errors */ = {
			isa = PBXGroup;
			children = (
				A7F913812AD854C9007983E4 /* ApiRequestError.swift */,
			);
			path = Errors;
			sourceTree = "<group>";
		};
/* End PBXGroup section */

/* Begin PBXNativeTarget section */
		A7DAD19E2AD5BA9F00ABC3B0 /* StopIDF */ = {
			isa = PBXNativeTarget;
			buildConfigurationList = A7DAD1AD2AD5BAA100ABC3B0 /* Build configuration list for PBXNativeTarget "StopIDF" */;
			buildPhases = (
				A7DAD19B2AD5BA9F00ABC3B0 /* Sources */,
				A7DAD19C2AD5BA9F00ABC3B0 /* Frameworks */,
				A7DAD19D2AD5BA9F00ABC3B0 /* Resources */,
			);
			buildRules = (
			);
			dependencies = (
			);
			name = StopIDF;
			packageProductDependencies = (
				A7B67A552ADFEC1100C437EC /* WrappingHStack */,
				A7B67A5A2ADFFCE000C437EC /* FlowStackLayout */,
			);
			productName = "Arrêt Île-de-France";
			productReference = A7DAD19F2AD5BA9F00ABC3B0 /* StopIDF.app */;
			productType = "com.apple.product-type.application";
		};
/* End PBXNativeTarget section */

/* Begin PBXProject section */
		A7DAD1972AD5BA9F00ABC3B0 /* Project object */ = {
			isa = PBXProject;
			attributes = {
				BuildIndependentTargetsInParallel = 1;
				LastSwiftUpdateCheck = 1500;
				LastUpgradeCheck = 1500;
				TargetAttributes = {
					A7DAD19E2AD5BA9F00ABC3B0 = {
						CreatedOnToolsVersion = 15.0;
					};
				};
			};
			buildConfigurationList = A7DAD19A2AD5BA9F00ABC3B0 /* Build configuration list for PBXProject "StopIDF" */;
			compatibilityVersion = "Xcode 14.0";
			developmentRegion = en;
			hasScannedForEncodings = 0;
			knownRegions = (
				en,
				Base,
			);
			mainGroup = A7DAD1962AD5BA9F00ABC3B0;
			packageReferences = (
				A7B67A542ADFEC1100C437EC /* XCRemoteSwiftPackageReference "WrappingHStack" */,
				A7B67A592ADFFCE000C437EC /* XCRemoteSwiftPackageReference "FlowStackLayout" */,
			);
			productRefGroup = A7DAD1A02AD5BA9F00ABC3B0 /* Products */;
			projectDirPath = "";
			projectRoot = "";
			targets = (
				A7DAD19E2AD5BA9F00ABC3B0 /* StopIDF */,
			);
		};
/* End PBXProject section */

/* Begin PBXResourcesBuildPhase section */
		A7DAD19D2AD5BA9F00ABC3B0 /* Resources */ = {
			isa = PBXResourcesBuildPhase;
			buildActionMask = 2147483647;
			files = (
				A7B67AD02AE0851100C437EC /* IDFVoyageur-Bold.otf in Resources */,
				A74234592AD9D81A0019FFE0 /* BusStopZones.json in Resources */,
				A7DAD1AA2AD5BAA100ABC3B0 /* Preview Assets.xcassets in Resources */,
				A7DAD1A72AD5BAA100ABC3B0 /* Assets.xcassets in Resources */,
				A74234492AD999290019FFE0 /* TransportLines.json in Resources */,
			);
			runOnlyForDeploymentPostprocessing = 0;
		};
/* End PBXResourcesBuildPhase section */

/* Begin PBXSourcesBuildPhase section */
		A7DAD19B2AD5BA9F00ABC3B0 /* Sources */ = {
			isa = PBXSourcesBuildPhase;
			buildActionMask = 2147483647;
			files = (
				A7B67ACC2AE0759000C437EC /* LinePictoView.swift in Sources */,
				A74234562AD9D7720019FFE0 /* ZoneFields.swift in Sources */,
				A742344D2AD9C4720019FFE0 /* VehicleJourneyName.swift in Sources */,
				A7DAD1C52AD5BC7900ABC3B0 /* FramedVehicleJourneyRef.swift in Sources */,
				A7DAD1B52AD5BB6800ABC3B0 /* Siri.swift in Sources */,
				A7B67A582ADFF79400C437EC /* OneStopDetailView.swift in Sources */,
				A7F9137D2AD84F1C007983E4 /* local.env.swift in Sources */,
				A74234442AD9979E0019FFE0 /* Picto.swift in Sources */,
				A7DAD1C12AD5BC3D00ABC3B0 /* LineRef.swift in Sources */,
				A7DAD1D12AD5BD3500ABC3B0 /* TrainNumbers.swift in Sources */,
				A7DAD1BD2AD5BBF300ABC3B0 /* MonitoringRef.swift in Sources */,
				A7DAD1B72AD5BB8800ABC3B0 /* ServiceDelivery.swift in Sources */,
				A7DAD1C32AD5BC6700ABC3B0 /* OperatorRef.swift in Sources */,
				A7DAD1BB2AD5BBE000ABC3B0 /* MonitoredStopVisit.swift in Sources */,
				A742344F2AD9D4230019FFE0 /* TabsView.swift in Sources */,
				A7DAD1BF2AD5BC0D00ABC3B0 /* MonitoredVehicleJourney.swift in Sources */,
				A742345B2AD9D8410019FFE0 /* ZoneController.swift in Sources */,
				A7DAD1B32AD5BB1400ABC3B0 /* NextPassage.swift in Sources */,
				A742344B2AD99C6E0019FFE0 /* LocalDataManager.swift in Sources */,
				A7F9137F2AD84FCB007983E4 /* NextPassageController.swift in Sources */,
				A7DAD1C92AD5BCB400ABC3B0 /* DirectionName.swift in Sources */,
				A7B67ACE2AE0814A00C437EC /* ColorExtension.swift in Sources */,
				A7B67A5D2AE019F300C437EC /* LineDirectionDestinations.swift in Sources */,
				A7DAD1D72AD5BD8D00ABC3B0 /* StopPointName.swift in Sources */,
				A7B67A5F2AE01A5C00C437EC /* LineDestinationToCome.swift in Sources */,
				A7DAD1A32AD5BA9F00ABC3B0 /* StopIDFApp.swift in Sources */,
				A7B67A612AE0276100C437EC /* OneTimeView.swift in Sources */,
				A7DAD1D32AD5BD5700ABC3B0 /* DataFrameRef.swift in Sources */,
				A74234462AD9979E0019FFE0 /* Fields.swift in Sources */,
				A7DAD1C72AD5BC8E00ABC3B0 /* DestinationName.swift in Sources */,
				A7DAD1D52AD5BD7400ABC3B0 /* DestinationDisplay.swift in Sources */,
				A74234452AD9979E0019FFE0 /* LineReferencial.swift in Sources */,
				A75DF0C92AD8810F00E031C9 /* ToComeAtBusStop.swift in Sources */,
				A7B67ACA2AE070CE00C437EC /* LineInfosForPicto.swift in Sources */,
				A74234522AD9D5CE0019FFE0 /* AllZoneView.swift in Sources */,
				A7DAD1CB2AD5BCCF00ABC3B0 /* DestinationRef.swift in Sources */,
				A74234572AD9D7720019FFE0 /* Zone.swift in Sources */,
				A7DAD1CD2AD5BCE900ABC3B0 /* JourneyNote.swift in Sources */,
				A7F913822AD854C9007983E4 /* ApiRequestError.swift in Sources */,
				A7DAD1CF2AD5BD0500ABC3B0 /* MonitoredCall.swift in Sources */,
				A7DAD1B92AD5BBBE00ABC3B0 /* StopMonitoringDelivery.swift in Sources */,
			);
			runOnlyForDeploymentPostprocessing = 0;
		};
/* End PBXSourcesBuildPhase section */

/* Begin XCBuildConfiguration section */
		A7DAD1AB2AD5BAA100ABC3B0 /* Debug */ = {
			isa = XCBuildConfiguration;
			buildSettings = {
				ALWAYS_SEARCH_USER_PATHS = NO;
				ASSETCATALOG_COMPILER_GENERATE_SWIFT_ASSET_SYMBOL_EXTENSIONS = YES;
				CLANG_ANALYZER_NONNULL = YES;
				CLANG_ANALYZER_NUMBER_OBJECT_CONVERSION = YES_AGGRESSIVE;
				CLANG_CXX_LANGUAGE_STANDARD = "gnu++20";
				CLANG_ENABLE_MODULES = YES;
				CLANG_ENABLE_OBJC_ARC = YES;
				CLANG_ENABLE_OBJC_WEAK = YES;
				CLANG_WARN_BLOCK_CAPTURE_AUTORELEASING = YES;
				CLANG_WARN_BOOL_CONVERSION = YES;
				CLANG_WARN_COMMA = YES;
				CLANG_WARN_CONSTANT_CONVERSION = YES;
				CLANG_WARN_DEPRECATED_OBJC_IMPLEMENTATIONS = YES;
				CLANG_WARN_DIRECT_OBJC_ISA_USAGE = YES_ERROR;
				CLANG_WARN_DOCUMENTATION_COMMENTS = YES;
				CLANG_WARN_EMPTY_BODY = YES;
				CLANG_WARN_ENUM_CONVERSION = YES;
				CLANG_WARN_INFINITE_RECURSION = YES;
				CLANG_WARN_INT_CONVERSION = YES;
				CLANG_WARN_NON_LITERAL_NULL_CONVERSION = YES;
				CLANG_WARN_OBJC_IMPLICIT_RETAIN_SELF = YES;
				CLANG_WARN_OBJC_LITERAL_CONVERSION = YES;
				CLANG_WARN_OBJC_ROOT_CLASS = YES_ERROR;
				CLANG_WARN_QUOTED_INCLUDE_IN_FRAMEWORK_HEADER = YES;
				CLANG_WARN_RANGE_LOOP_ANALYSIS = YES;
				CLANG_WARN_STRICT_PROTOTYPES = YES;
				CLANG_WARN_SUSPICIOUS_MOVE = YES;
				CLANG_WARN_UNGUARDED_AVAILABILITY = YES_AGGRESSIVE;
				CLANG_WARN_UNREACHABLE_CODE = YES;
				CLANG_WARN__DUPLICATE_METHOD_MATCH = YES;
				COPY_PHASE_STRIP = NO;
				DEBUG_INFORMATION_FORMAT = dwarf;
				ENABLE_STRICT_OBJC_MSGSEND = YES;
				ENABLE_TESTABILITY = YES;
				ENABLE_USER_SCRIPT_SANDBOXING = YES;
				GCC_C_LANGUAGE_STANDARD = gnu17;
				GCC_DYNAMIC_NO_PIC = NO;
				GCC_NO_COMMON_BLOCKS = YES;
				GCC_OPTIMIZATION_LEVEL = 0;
				GCC_PREPROCESSOR_DEFINITIONS = (
					"DEBUG=1",
					"$(inherited)",
				);
				GCC_WARN_64_TO_32_BIT_CONVERSION = YES;
				GCC_WARN_ABOUT_RETURN_TYPE = YES_ERROR;
				GCC_WARN_UNDECLARED_SELECTOR = YES;
				GCC_WARN_UNINITIALIZED_AUTOS = YES_AGGRESSIVE;
				GCC_WARN_UNUSED_FUNCTION = YES;
				GCC_WARN_UNUSED_VARIABLE = YES;
				IPHONEOS_DEPLOYMENT_TARGET = 17.0;
				LOCALIZATION_PREFERS_STRING_CATALOGS = YES;
				MTL_ENABLE_DEBUG_INFO = INCLUDE_SOURCE;
				MTL_FAST_MATH = YES;
				ONLY_ACTIVE_ARCH = YES;
				SDKROOT = iphoneos;
				SWIFT_ACTIVE_COMPILATION_CONDITIONS = "DEBUG $(inherited)";
				SWIFT_OPTIMIZATION_LEVEL = "-Onone";
			};
			name = Debug;
		};
		A7DAD1AC2AD5BAA100ABC3B0 /* Release */ = {
			isa = XCBuildConfiguration;
			buildSettings = {
				ALWAYS_SEARCH_USER_PATHS = NO;
				ASSETCATALOG_COMPILER_GENERATE_SWIFT_ASSET_SYMBOL_EXTENSIONS = YES;
				CLANG_ANALYZER_NONNULL = YES;
				CLANG_ANALYZER_NUMBER_OBJECT_CONVERSION = YES_AGGRESSIVE;
				CLANG_CXX_LANGUAGE_STANDARD = "gnu++20";
				CLANG_ENABLE_MODULES = YES;
				CLANG_ENABLE_OBJC_ARC = YES;
				CLANG_ENABLE_OBJC_WEAK = YES;
				CLANG_WARN_BLOCK_CAPTURE_AUTORELEASING = YES;
				CLANG_WARN_BOOL_CONVERSION = YES;
				CLANG_WARN_COMMA = YES;
				CLANG_WARN_CONSTANT_CONVERSION = YES;
				CLANG_WARN_DEPRECATED_OBJC_IMPLEMENTATIONS = YES;
				CLANG_WARN_DIRECT_OBJC_ISA_USAGE = YES_ERROR;
				CLANG_WARN_DOCUMENTATION_COMMENTS = YES;
				CLANG_WARN_EMPTY_BODY = YES;
				CLANG_WARN_ENUM_CONVERSION = YES;
				CLANG_WARN_INFINITE_RECURSION = YES;
				CLANG_WARN_INT_CONVERSION = YES;
				CLANG_WARN_NON_LITERAL_NULL_CONVERSION = YES;
				CLANG_WARN_OBJC_IMPLICIT_RETAIN_SELF = YES;
				CLANG_WARN_OBJC_LITERAL_CONVERSION = YES;
				CLANG_WARN_OBJC_ROOT_CLASS = YES_ERROR;
				CLANG_WARN_QUOTED_INCLUDE_IN_FRAMEWORK_HEADER = YES;
				CLANG_WARN_RANGE_LOOP_ANALYSIS = YES;
				CLANG_WARN_STRICT_PROTOTYPES = YES;
				CLANG_WARN_SUSPICIOUS_MOVE = YES;
				CLANG_WARN_UNGUARDED_AVAILABILITY = YES_AGGRESSIVE;
				CLANG_WARN_UNREACHABLE_CODE = YES;
				CLANG_WARN__DUPLICATE_METHOD_MATCH = YES;
				COPY_PHASE_STRIP = NO;
				DEBUG_INFORMATION_FORMAT = "dwarf-with-dsym";
				ENABLE_NS_ASSERTIONS = NO;
				ENABLE_STRICT_OBJC_MSGSEND = YES;
				ENABLE_USER_SCRIPT_SANDBOXING = YES;
				GCC_C_LANGUAGE_STANDARD = gnu17;
				GCC_NO_COMMON_BLOCKS = YES;
				GCC_WARN_64_TO_32_BIT_CONVERSION = YES;
				GCC_WARN_ABOUT_RETURN_TYPE = YES_ERROR;
				GCC_WARN_UNDECLARED_SELECTOR = YES;
				GCC_WARN_UNINITIALIZED_AUTOS = YES_AGGRESSIVE;
				GCC_WARN_UNUSED_FUNCTION = YES;
				GCC_WARN_UNUSED_VARIABLE = YES;
				IPHONEOS_DEPLOYMENT_TARGET = 17.0;
				LOCALIZATION_PREFERS_STRING_CATALOGS = YES;
				MTL_ENABLE_DEBUG_INFO = NO;
				MTL_FAST_MATH = YES;
				SDKROOT = iphoneos;
				SWIFT_COMPILATION_MODE = wholemodule;
				VALIDATE_PRODUCT = YES;
			};
			name = Release;
		};
		A7DAD1AE2AD5BAA100ABC3B0 /* Debug */ = {
			isa = XCBuildConfiguration;
			buildSettings = {
				ASSETCATALOG_COMPILER_APPICON_NAME = AppIcon;
				ASSETCATALOG_COMPILER_GLOBAL_ACCENT_COLOR_NAME = AccentColor;
				CODE_SIGN_STYLE = Automatic;
				CURRENT_PROJECT_VERSION = 1;
				DEVELOPMENT_ASSET_PATHS = "\"StopIDF/Preview Content\"";
				DEVELOPMENT_TEAM = VJ7H6QD38D;
				ENABLE_PREVIEWS = YES;
				GENERATE_INFOPLIST_FILE = YES;
				INFOPLIST_FILE = StopIDF/Info.plist;
				INFOPLIST_KEY_CFBundleDisplayName = StopIDF;
				INFOPLIST_KEY_UIApplicationSceneManifest_Generation = YES;
				INFOPLIST_KEY_UIApplicationSupportsIndirectInputEvents = YES;
				INFOPLIST_KEY_UILaunchScreen_Generation = YES;
				INFOPLIST_KEY_UISupportedInterfaceOrientations_iPad = "UIInterfaceOrientationPortrait UIInterfaceOrientationPortraitUpsideDown UIInterfaceOrientationLandscapeLeft UIInterfaceOrientationLandscapeRight";
				INFOPLIST_KEY_UISupportedInterfaceOrientations_iPhone = "UIInterfaceOrientationPortrait UIInterfaceOrientationLandscapeLeft UIInterfaceOrientationLandscapeRight";
				LD_RUNPATH_SEARCH_PATHS = (
					"$(inherited)",
					"@executable_path/Frameworks",
				);
				MARKETING_VERSION = 1.0;
				PRODUCT_BUNDLE_IDENTIFIER = fr.leverry.StopIDF;
				PRODUCT_NAME = "$(TARGET_NAME)";
				SWIFT_EMIT_LOC_STRINGS = YES;
				SWIFT_VERSION = 5.0;
				TARGETED_DEVICE_FAMILY = "1,2";
			};
			name = Debug;
		};
		A7DAD1AF2AD5BAA100ABC3B0 /* Release */ = {
			isa = XCBuildConfiguration;
			buildSettings = {
				ASSETCATALOG_COMPILER_APPICON_NAME = AppIcon;
				ASSETCATALOG_COMPILER_GLOBAL_ACCENT_COLOR_NAME = AccentColor;
				CODE_SIGN_STYLE = Automatic;
				CURRENT_PROJECT_VERSION = 1;
				DEVELOPMENT_ASSET_PATHS = "\"StopIDF/Preview Content\"";
				DEVELOPMENT_TEAM = VJ7H6QD38D;
				ENABLE_PREVIEWS = YES;
				GENERATE_INFOPLIST_FILE = YES;
				INFOPLIST_FILE = StopIDF/Info.plist;
				INFOPLIST_KEY_CFBundleDisplayName = StopIDF;
				INFOPLIST_KEY_UIApplicationSceneManifest_Generation = YES;
				INFOPLIST_KEY_UIApplicationSupportsIndirectInputEvents = YES;
				INFOPLIST_KEY_UILaunchScreen_Generation = YES;
				INFOPLIST_KEY_UISupportedInterfaceOrientations_iPad = "UIInterfaceOrientationPortrait UIInterfaceOrientationPortraitUpsideDown UIInterfaceOrientationLandscapeLeft UIInterfaceOrientationLandscapeRight";
				INFOPLIST_KEY_UISupportedInterfaceOrientations_iPhone = "UIInterfaceOrientationPortrait UIInterfaceOrientationLandscapeLeft UIInterfaceOrientationLandscapeRight";
				LD_RUNPATH_SEARCH_PATHS = (
					"$(inherited)",
					"@executable_path/Frameworks",
				);
				MARKETING_VERSION = 1.0;
				PRODUCT_BUNDLE_IDENTIFIER = fr.leverry.StopIDF;
				PRODUCT_NAME = "$(TARGET_NAME)";
				SWIFT_EMIT_LOC_STRINGS = YES;
				SWIFT_VERSION = 5.0;
				TARGETED_DEVICE_FAMILY = "1,2";
			};
			name = Release;
		};
/* End XCBuildConfiguration section */

/* Begin XCConfigurationList section */
		A7DAD19A2AD5BA9F00ABC3B0 /* Build configuration list for PBXProject "StopIDF" */ = {
			isa = XCConfigurationList;
			buildConfigurations = (
				A7DAD1AB2AD5BAA100ABC3B0 /* Debug */,
				A7DAD1AC2AD5BAA100ABC3B0 /* Release */,
			);
			defaultConfigurationIsVisible = 0;
			defaultConfigurationName = Release;
		};
		A7DAD1AD2AD5BAA100ABC3B0 /* Build configuration list for PBXNativeTarget "StopIDF" */ = {
			isa = XCConfigurationList;
			buildConfigurations = (
				A7DAD1AE2AD5BAA100ABC3B0 /* Debug */,
				A7DAD1AF2AD5BAA100ABC3B0 /* Release */,
			);
			defaultConfigurationIsVisible = 0;
			defaultConfigurationName = Release;
		};
/* End XCConfigurationList section */

/* Begin XCRemoteSwiftPackageReference section */
		A7B67A542ADFEC1100C437EC /* XCRemoteSwiftPackageReference "WrappingHStack" */ = {
			isa = XCRemoteSwiftPackageReference;
			repositoryURL = "https://github.com/dkk/WrappingHStack";
			requirement = {
				kind = upToNextMajorVersion;
				minimumVersion = 2.2.11;
			};
		};
		A7B67A592ADFFCE000C437EC /* XCRemoteSwiftPackageReference "FlowStackLayout" */ = {
			isa = XCRemoteSwiftPackageReference;
			repositoryURL = "https://github.com/smyshlaevalex/FlowStackLayout.git";
			requirement = {
				kind = upToNextMajorVersion;
				minimumVersion = 1.0.1;
			};
		};
/* End XCRemoteSwiftPackageReference section */

/* Begin XCSwiftPackageProductDependency section */
		A7B67A552ADFEC1100C437EC /* WrappingHStack */ = {
			isa = XCSwiftPackageProductDependency;
			package = A7B67A542ADFEC1100C437EC /* XCRemoteSwiftPackageReference "WrappingHStack" */;
			productName = WrappingHStack;
		};
		A7B67A5A2ADFFCE000C437EC /* FlowStackLayout */ = {
			isa = XCSwiftPackageProductDependency;
			package = A7B67A592ADFFCE000C437EC /* XCRemoteSwiftPackageReference "FlowStackLayout" */;
			productName = FlowStackLayout;
		};
/* End XCSwiftPackageProductDependency section */
	};
	rootObject = A7DAD1972AD5BA9F00ABC3B0 /* Project object */;
}
