{
  "pins" : [
    {
      "identity" : "flowstacklayout",
      "kind" : "remoteSourceControl",
      "location" : "https://github.com/smyshlaevalex/FlowStackLayout.git",
      "state" : {
        "revision" : "4bbab09c49b53b8e07c3d17837da33a357f6be7e",
        "version" : "1.0.1"
      }
    },
    {
      "identity" : "wrappinghstack",
      "kind" : "remoteSourceControl",
      "location" : "https://github.com/dkk/WrappingHStack",
      "state" : {
        "revision" : "425d9488ba55f58f0b34498c64c054c77fc2a44b",
        "version" : "2.2.11"
      }
    }
  ],
  "version" : 2
}
